// !$*UTF8*$!
{
	archiveVersion = 1;
	classes = {
	};
	objectVersion = 50;
	objects = {

/* Begin PBXBuildFile section */
		3F68B9B9218214C40026DB37 /* main.cpp in Sources */ = {isa = PBXBuildFile; fileRef = 3F68B9B8218214C40026DB37 /* main.cpp */; };
/* End PBXBuildFile section */

/* Begin PBXCopyFilesBuildPhase section */
		3F68B9B3218214C40026DB37 /* CopyFiles */ = {
			isa = PBXCopyFilesBuildPhase;
			buildActionMask = 2147483647;
			dstPath = /usr/share/man/man1/;
			dstSubfolderSpec = 0;
			files = (
			);
			runOnlyForDeploymentPostprocessing = 1;
		};
/* End PBXCopyFilesBuildPhase section */

/* Begin PBXFileReference section */
		3F68B9B5218214C40026DB37 /* OPL3Box */ = {isa = PBXFileReference; explicitFileType = "compiled.mach-o.executable"; includeInIndex = 0; path = OPL3Box; sourceTree = BUILT_PRODUCTS_DIR; };
		3F68B9B8218214C40026DB37 /* main.cpp */ = {isa = PBXFileReference; lastKnownFileType = sourcecode.cpp.cpp; path = main.cpp; sourceTree = "<group>"; };
		3F68B9C12182161B0026DB37 /* EC11-Photo.jpg */ = {isa = PBXFileReference; lastKnownFileType = image.jpeg; path = "EC11-Photo.jpg"; sourceTree = "<group>"; };
		3F68B9C22182161B0026DB37 /* a21.hpp */ = {isa = PBXFileReference; lastKnownFileType = sourcecode.cpp.h; path = a21.hpp; sourceTree = "<group>"; };
		3F68B9C42182161B0026DB37 /* eeprom.hpp */ = {isa = PBXFileReference; lastKnownFileType = sourcecode.cpp.h; path = eeprom.hpp; sourceTree = "<group>"; };
		3F68B9C52182161B0026DB37 /* spi.hpp */ = {isa = PBXFileReference; lastKnownFileType = sourcecode.cpp.h; path = spi.hpp; sourceTree = "<group>"; };
		3F68B9C62182161B0026DB37 /* font8.hpp */ = {isa = PBXFileReference; lastKnownFileType = sourcecode.cpp.h; path = font8.hpp; sourceTree = "<group>"; };
		3F68B9C72182161B0026DB37 /* serial.hpp */ = {isa = PBXFileReference; lastKnownFileType = sourcecode.cpp.h; path = serial.hpp; sourceTree = "<group>"; };
		3F68B9C82182161B0026DB37 /* ec11.hpp */ = {isa = PBXFileReference; lastKnownFileType = sourcecode.cpp.h; path = ec11.hpp; sourceTree = "<group>"; };
		3F68B9C92182161B0026DB37 /* debouncer.hpp */ = {isa = PBXFileReference; lastKnownFileType = sourcecode.cpp.h; path = debouncer.hpp; sourceTree = "<group>"; };
		3F68B9CA2182161B0026DB37 /* print.hpp */ = {isa = PBXFileReference; lastKnownFileType = sourcecode.cpp.h; path = print.hpp; sourceTree = "<group>"; };
		3F68B9CB2182161B0026DB37 /* framebuffer.hpp */ = {isa = PBXFileReference; lastKnownFileType = sourcecode.cpp.h; path = framebuffer.hpp; sourceTree = "<group>"; };
		3F68B9CC2182161B0026DB37 /* clock.hpp */ = {isa = PBXFileReference; lastKnownFileType = sourcecode.cpp.h; path = clock.hpp; sourceTree = "<group>"; };
		3F68B9CD2182161B0026DB37 /* display8.hpp */ = {isa = PBXFileReference; lastKnownFileType = sourcecode.cpp.h; path = display8.hpp; sourceTree = "<group>"; };
		3F68B9CE2182161B0026DB37 /* flashstring.hpp */ = {isa = PBXFileReference; lastKnownFileType = sourcecode.cpp.h; path = flashstring.hpp; sourceTree = "<group>"; };
		3F68B9CF2182161B0026DB37 /* pins.hpp */ = {isa = PBXFileReference; lastKnownFileType = sourcecode.cpp.h; path = pins.hpp; sourceTree = "<group>"; };
		3F68B9D02182161B0026DB37 /* pcd8544.hpp */ = {isa = PBXFileReference; lastKnownFileType = sourcecode.cpp.h; path = pcd8544.hpp; sourceTree = "<group>"; };
		3F68B9D12182161B0026DB37 /* ssd1306.hpp */ = {isa = PBXFileReference; lastKnownFileType = sourcecode.cpp.h; path = ssd1306.hpp; sourceTree = "<group>"; };
		3F68B9D22182161B0026DB37 /* i2c.hpp */ = {isa = PBXFileReference; lastKnownFileType = sourcecode.cpp.h; path = i2c.hpp; sourceTree = "<group>"; };
		3F68B9D32182161B0026DB37 /* pcd8544fonts.hpp */ = {isa = PBXFileReference; lastKnownFileType = sourcecode.cpp.h; path = pcd8544fonts.hpp; sourceTree = "<group>"; };
		3F68B9D42182161B0026DB37 /* font8fonts.hpp */ = {isa = PBXFileReference; lastKnownFileType = sourcecode.cpp.h; path = font8fonts.hpp; sourceTree = "<group>"; };
		3F68B9D52182161B0026DB37 /* midi.hpp */ = {isa = PBXFileReference; lastKnownFileType = sourcecode.cpp.h; path = midi.hpp; sourceTree = "<group>"; };
		3F68B9D62182161B0026DB37 /* dht22.hpp */ = {isa = PBXFileReference; lastKnownFileType = sourcecode.cpp.h; path = dht22.hpp; sourceTree = "<group>"; };
		3F68B9D72182161B0026DB37 /* LICENSE */ = {isa = PBXFileReference; lastKnownFileType = text; path = LICENSE; sourceTree = "<group>"; };
		3F68B9D82182161B0026DB37 /* EC11-Pinout.png */ = {isa = PBXFileReference; lastKnownFileType = image.png; path = "EC11-Pinout.png"; sourceTree = "<group>"; };
		3F68B9D92182161B0026DB37 /* README.md */ = {isa = PBXFileReference; lastKnownFileType = net.daringfireball.markdown; path = README.md; sourceTree = "<group>"; };
		3F68B9DC2182161B0026DB37 /* a21-dth22-example.ino */ = {isa = PBXFileReference; lastKnownFileType = text; path = "a21-dth22-example.ino"; sourceTree = "<group>"; };
		3F68B9DE2182161B0026DB37 /* a21-ec11-example.ino */ = {isa = PBXFileReference; lastKnownFileType = text; path = "a21-ec11-example.ino"; sourceTree = "<group>"; };
		3F68B9DF2182161B0026DB37 /* EC11-Pinout.sketch */ = {isa = PBXFileReference; lastKnownFileType = file; path = "EC11-Pinout.sketch"; sourceTree = "<group>"; };
		3F68B9E02182161B0026DB37 /* library.properties */ = {isa = PBXFileReference; lastKnownFileType = text; path = library.properties; sourceTree = "<group>"; };
		3F68B9E22182161B0026DB37 /* OPL3box.png */ = {isa = PBXFileReference; lastKnownFileType = image.png; path = OPL3box.png; sourceTree = "<group>"; };
		3F68B9E32182161B0026DB37 /* UI.h */ = {isa = PBXFileReference; lastKnownFileType = sourcecode.c.h; path = UI.h; sourceTree = "<group>"; };
		3F68B9E52182161B0026DB37 /* OPL3box.sch */ = {isa = PBXFileReference; lastKnownFileType = text; path = OPL3box.sch; sourceTree = "<group>"; };
		3F68B9E62182161B0026DB37 /* OPL3box.pro */ = {isa = PBXFileReference; lastKnownFileType = text; path = OPL3box.pro; sourceTree = "<group>"; };
		3F68B9E72182161B0026DB37 /* OPL3box-cache.lib */ = {isa = PBXFileReference; lastKnownFileType = text; path = "OPL3box-cache.lib"; sourceTree = "<group>"; };
		3F68B9E82182161B0026DB37 /* sym-lib-table */ = {isa = PBXFileReference; lastKnownFileType = text; path = "sym-lib-table"; sourceTree = "<group>"; };
		3F68B9E92182161B0026DB37 /* OPL3box.kicad_pcb */ = {isa = PBXFileReference; lastKnownFileType = text; path = OPL3box.kicad_pcb; sourceTree = "<group>"; };
		3F68B9EA2182161B0026DB37 /* README.md */ = {isa = PBXFileReference; lastKnownFileType = net.daringfireball.markdown; path = README.md; sourceTree = "<group>"; };
		3F68B9EB2182161B0026DB37 /* OPL3box.ino */ = {isa = PBXFileReference; explicitFileType = sourcecode.cpp.h; path = OPL3box.ino; sourceTree = "<group>"; };
		3F68B9EE218216EC0026DB37 /* Arduino.h */ = {isa = PBXFileReference; lastKnownFileType = sourcecode.c.h; path = Arduino.h; sourceTree = "<group>"; };
		3F68B9EF218217C00026DB37 /* MIDIUSB.h */ = {isa = PBXFileReference; lastKnownFileType = sourcecode.c.h; path = MIDIUSB.h; sourceTree = "<group>"; };
/* End PBXFileReference section */

/* Begin PBXFrameworksBuildPhase section */
		3F68B9B2218214C40026DB37 /* Frameworks */ = {
			isa = PBXFrameworksBuildPhase;
			buildActionMask = 2147483647;
			files = (
			);
			runOnlyForDeploymentPostprocessing = 0;
		};
/* End PBXFrameworksBuildPhase section */

/* Begin PBXGroup section */
		3F68B9AC218214C40026DB37 = {
			isa = PBXGroup;
			children = (
				3F68B9B7218214C40026DB37 /* OPL3Box */,
				3F68B9BF2182161B0026DB37 /* Submodules */,
				3F68B9B6218214C40026DB37 /* Products */,
			);
			indentWidth = 2;
			sourceTree = "<group>";
			tabWidth = 2;
		};
		3F68B9B6218214C40026DB37 /* Products */ = {
			isa = PBXGroup;
			children = (
				3F68B9B5218214C40026DB37 /* OPL3Box */,
			);
			name = Products;
			sourceTree = "<group>";
		};
		3F68B9B7218214C40026DB37 /* OPL3Box */ = {
			isa = PBXGroup;
			children = (
				3F68B9F0218218930026DB37 /* ArduinoCompat */,
				3F68B9B8218214C40026DB37 /* main.cpp */,
			);
			path = OPL3Box;
			sourceTree = "<group>";
		};
		3F68B9BF2182161B0026DB37 /* Submodules */ = {
			isa = PBXGroup;
			children = (
				3F68B9C02182161B0026DB37 /* a21 */,
				3F68B9E12182161B0026DB37 /* OPL3box */,
			);
			path = Submodules;
			sourceTree = "<group>";
		};
		3F68B9C02182161B0026DB37 /* a21 */ = {
			isa = PBXGroup;
			children = (
				3F68B9C12182161B0026DB37 /* EC11-Photo.jpg */,
				3F68B9C22182161B0026DB37 /* a21.hpp */,
				3F68B9C32182161B0026DB37 /* a21 */,
				3F68B9D72182161B0026DB37 /* LICENSE */,
				3F68B9D82182161B0026DB37 /* EC11-Pinout.png */,
				3F68B9D92182161B0026DB37 /* README.md */,
				3F68B9DA2182161B0026DB37 /* examples */,
				3F68B9DF2182161B0026DB37 /* EC11-Pinout.sketch */,
				3F68B9E02182161B0026DB37 /* library.properties */,
			);
			path = a21;
			sourceTree = "<group>";
		};
		3F68B9C32182161B0026DB37 /* a21 */ = {
			isa = PBXGroup;
			children = (
				3F68B9C42182161B0026DB37 /* eeprom.hpp */,
				3F68B9C52182161B0026DB37 /* spi.hpp */,
				3F68B9C62182161B0026DB37 /* font8.hpp */,
				3F68B9C72182161B0026DB37 /* serial.hpp */,
				3F68B9C82182161B0026DB37 /* ec11.hpp */,
				3F68B9C92182161B0026DB37 /* debouncer.hpp */,
				3F68B9CA2182161B0026DB37 /* print.hpp */,
				3F68B9CB2182161B0026DB37 /* framebuffer.hpp */,
				3F68B9CC2182161B0026DB37 /* clock.hpp */,
				3F68B9CD2182161B0026DB37 /* display8.hpp */,
				3F68B9CE2182161B0026DB37 /* flashstring.hpp */,
				3F68B9CF2182161B0026DB37 /* pins.hpp */,
				3F68B9D02182161B0026DB37 /* pcd8544.hpp */,
				3F68B9D12182161B0026DB37 /* ssd1306.hpp */,
				3F68B9D22182161B0026DB37 /* i2c.hpp */,
				3F68B9D32182161B0026DB37 /* pcd8544fonts.hpp */,
				3F68B9D42182161B0026DB37 /* font8fonts.hpp */,
				3F68B9D52182161B0026DB37 /* midi.hpp */,
				3F68B9D62182161B0026DB37 /* dht22.hpp */,
			);
			path = a21;
			sourceTree = "<group>";
		};
		3F68B9DA2182161B0026DB37 /* examples */ = {
			isa = PBXGroup;
			children = (
				3F68B9DB2182161B0026DB37 /* a21-dth22-example */,
				3F68B9DD2182161B0026DB37 /* a21-ec11-example */,
			);
			path = examples;
			sourceTree = "<group>";
		};
		3F68B9DB2182161B0026DB37 /* a21-dth22-example */ = {
			isa = PBXGroup;
			children = (
				3F68B9DC2182161B0026DB37 /* a21-dth22-example.ino */,
			);
			path = "a21-dth22-example";
			sourceTree = "<group>";
		};
		3F68B9DD2182161B0026DB37 /* a21-ec11-example */ = {
			isa = PBXGroup;
			children = (
				3F68B9DE2182161B0026DB37 /* a21-ec11-example.ino */,
			);
			path = "a21-ec11-example";
			sourceTree = "<group>";
		};
		3F68B9E12182161B0026DB37 /* OPL3box */ = {
			isa = PBXGroup;
			children = (
				3F68B9E22182161B0026DB37 /* OPL3box.png */,
				3F68B9E32182161B0026DB37 /* UI.h */,
				3F68B9E42182161B0026DB37 /* kicad */,
				3F68B9EA2182161B0026DB37 /* README.md */,
				3F68B9EB2182161B0026DB37 /* OPL3box.ino */,
			);
			path = OPL3box;
			sourceTree = "<group>";
		};
		3F68B9E42182161B0026DB37 /* kicad */ = {
			isa = PBXGroup;
			children = (
				3F68B9E52182161B0026DB37 /* OPL3box.sch */,
				3F68B9E62182161B0026DB37 /* OPL3box.pro */,
				3F68B9E72182161B0026DB37 /* OPL3box-cache.lib */,
				3F68B9E82182161B0026DB37 /* sym-lib-table */,
				3F68B9E92182161B0026DB37 /* OPL3box.kicad_pcb */,
			);
			path = kicad;
			sourceTree = "<group>";
		};
		3F68B9F0218218930026DB37 /* ArduinoCompat */ = {
			isa = PBXGroup;
			children = (
				3F68B9EE218216EC0026DB37 /* Arduino.h */,
				3F68B9EF218217C00026DB37 /* MIDIUSB.h */,
			);
			path = ArduinoCompat;
			sourceTree = "<group>";
		};
/* End PBXGroup section */

/* Begin PBXNativeTarget section */
		3F68B9B4218214C40026DB37 /* OPL3Box */ = {
			isa = PBXNativeTarget;
			buildConfigurationList = 3F68B9BC218214C40026DB37 /* Build configuration list for PBXNativeTarget "OPL3Box" */;
			buildPhases = (
				3F68B9B1218214C40026DB37 /* Sources */,
				3F68B9B2218214C40026DB37 /* Frameworks */,
				3F68B9B3218214C40026DB37 /* CopyFiles */,
			);
			buildRules = (
			);
			dependencies = (
			);
			name = OPL3Box;
			productName = OPL3Box;
			productReference = 3F68B9B5218214C40026DB37 /* OPL3Box */;
			productType = "com.apple.product-type.tool";
		};
/* End PBXNativeTarget section */

/* Begin PBXProject section */
		3F68B9AD218214C40026DB37 /* Project object */ = {
			isa = PBXProject;
			attributes = {
				LastUpgradeCheck = 0940;
				ORGANIZATIONNAME = "Antonio Malara";
				TargetAttributes = {
					3F68B9B4218214C40026DB37 = {
						CreatedOnToolsVersion = 9.4.1;
					};
				};
			};
			buildConfigurationList = 3F68B9B0218214C40026DB37 /* Build configuration list for PBXProject "OPL3Box" */;
			compatibilityVersion = "Xcode 9.3";
			developmentRegion = en;
			hasScannedForEncodings = 0;
			knownRegions = (
				en,
			);
			mainGroup = 3F68B9AC218214C40026DB37;
			productRefGroup = 3F68B9B6218214C40026DB37 /* Products */;
			projectDirPath = "";
			projectRoot = "";
			targets = (
				3F68B9B4218214C40026DB37 /* OPL3Box */,
			);
		};
/* End PBXProject section */

/* Begin PBXSourcesBuildPhase section */
		3F68B9B1218214C40026DB37 /* Sources */ = {
			isa = PBXSourcesBuildPhase;
			buildActionMask = 2147483647;
			files = (
				3F68B9B9218214C40026DB37 /* main.cpp in Sources */,
			);
			runOnlyForDeploymentPostprocessing = 0;
		};
/* End PBXSourcesBuildPhase section */

/* Begin XCBuildConfiguration section */
		3F68B9BA218214C40026DB37 /* Debug */ = {
			isa = XCBuildConfiguration;
			buildSettings = {
				ALWAYS_SEARCH_USER_PATHS = NO;
				CLANG_ANALYZER_NONNULL = YES;
				CLANG_ANALYZER_NUMBER_OBJECT_CONVERSION = YES_AGGRESSIVE;
				CLANG_CXX_LANGUAGE_STANDARD = "gnu++14";
				CLANG_CXX_LIBRARY = "libc++";
				CLANG_ENABLE_MODULES = YES;
				CLANG_ENABLE_OBJC_ARC = YES;
				CLANG_ENABLE_OBJC_WEAK = YES;
				CLANG_WARN_BLOCK_CAPTURE_AUTORELEASING = YES;
				CLANG_WARN_BOOL_CONVERSION = YES;
				CLANG_WARN_COMMA = YES;
				CLANG_WARN_CONSTANT_CONVERSION = YES;
				CLANG_WARN_DEPRECATED_OBJC_IMPLEMENTATIONS = YES;
				CLANG_WARN_DIRECT_OBJC_ISA_USAGE = YES_ERROR;
				CLANG_WARN_DOCUMENTATION_COMMENTS = YES;
				CLANG_WARN_EMPTY_BODY = YES;
				CLANG_WARN_ENUM_CONVERSION = YES;
				CLANG_WARN_INFINITE_RECURSION = YES;
				CLANG_WARN_INT_CONVERSION = YES;
				CLANG_WARN_NON_LITERAL_NULL_CONVERSION = YES;
				CLANG_WARN_OBJC_IMPLICIT_RETAIN_SELF = YES;
				CLANG_WARN_OBJC_LITERAL_CONVERSION = YES;
				CLANG_WARN_OBJC_ROOT_CLASS = YES_ERROR;
				CLANG_WARN_RANGE_LOOP_ANALYSIS = YES;
				CLANG_WARN_STRICT_PROTOTYPES = YES;
				CLANG_WARN_SUSPICIOUS_MOVE = YES;
				CLANG_WARN_UNGUARDED_AVAILABILITY = YES_AGGRESSIVE;
				CLANG_WARN_UNREACHABLE_CODE = YES;
				CLANG_WARN__DUPLICATE_METHOD_MATCH = YES;
				CODE_SIGN_IDENTITY = "-";
				COPY_PHASE_STRIP = NO;
				DEBUG_INFORMATION_FORMAT = dwarf;
				ENABLE_STRICT_OBJC_MSGSEND = YES;
				ENABLE_TESTABILITY = YES;
				GCC_C_LANGUAGE_STANDARD = gnu11;
				GCC_DYNAMIC_NO_PIC = NO;
				GCC_NO_COMMON_BLOCKS = YES;
				GCC_OPTIMIZATION_LEVEL = 0;
				GCC_PREPROCESSOR_DEFINITIONS = (
					"DEBUG=1",
					"$(inherited)",
				);
				GCC_WARN_64_TO_32_BIT_CONVERSION = YES;
				GCC_WARN_ABOUT_RETURN_TYPE = YES_ERROR;
				GCC_WARN_UNDECLARED_SELECTOR = YES;
				GCC_WARN_UNINITIALIZED_AUTOS = YES_AGGRESSIVE;
				GCC_WARN_UNUSED_FUNCTION = YES;
				GCC_WARN_UNUSED_VARIABLE = YES;
				MACOSX_DEPLOYMENT_TARGET = 10.13;
				MTL_ENABLE_DEBUG_INFO = YES;
				ONLY_ACTIVE_ARCH = YES;
				SDKROOT = macosx;
				SYSTEM_HEADER_SEARCH_PATHS = (
					Submodules/a21,
					OPL3Box/ArduinoCompat,
				);
			};
			name = Debug;
		};
		3F68B9BB218214C40026DB37 /* Release */ = {
			isa = XCBuildConfiguration;
			buildSettings = {
				ALWAYS_SEARCH_USER_PATHS = NO;
				CLANG_ANALYZER_NONNULL = YES;
				CLANG_ANALYZER_NUMBER_OBJECT_CONVERSION = YES_AGGRESSIVE;
				CLANG_CXX_LANGUAGE_STANDARD = "gnu++14";
				CLANG_CXX_LIBRARY = "libc++";
				CLANG_ENABLE_MODULES = YES;
				CLANG_ENABLE_OBJC_ARC = YES;
				CLANG_ENABLE_OBJC_WEAK = YES;
				CLANG_WARN_BLOCK_CAPTURE_AUTORELEASING = YES;
				CLANG_WARN_BOOL_CONVERSION = YES;
				CLANG_WARN_COMMA = YES;
				CLANG_WARN_CONSTANT_CONVERSION = YES;
				CLANG_WARN_DEPRECATED_OBJC_IMPLEMENTATIONS = YES;
				CLANG_WARN_DIRECT_OBJC_ISA_USAGE = YES_ERROR;
				CLANG_WARN_DOCUMENTATION_COMMENTS = YES;
				CLANG_WARN_EMPTY_BODY = YES;
				CLANG_WARN_ENUM_CONVERSION = YES;
				CLANG_WARN_INFINITE_RECURSION = YES;
				CLANG_WARN_INT_CONVERSION = YES;
				CLANG_WARN_NON_LITERAL_NULL_CONVERSION = YES;
				CLANG_WARN_OBJC_IMPLICIT_RETAIN_SELF = YES;
				CLANG_WARN_OBJC_LITERAL_CONVERSION = YES;
				CLANG_WARN_OBJC_ROOT_CLASS = YES_ERROR;
				CLANG_WARN_RANGE_LOOP_ANALYSIS = YES;
				CLANG_WARN_STRICT_PROTOTYPES = YES;
				CLANG_WARN_SUSPICIOUS_MOVE = YES;
				CLANG_WARN_UNGUARDED_AVAILABILITY = YES_AGGRESSIVE;
				CLANG_WARN_UNREACHABLE_CODE = YES;
				CLANG_WARN__DUPLICATE_METHOD_MATCH = YES;
				CODE_SIGN_IDENTITY = "-";
				COPY_PHASE_STRIP = NO;
				DEBUG_INFORMATION_FORMAT = "dwarf-with-dsym";
				ENABLE_NS_ASSERTIONS = NO;
				ENABLE_STRICT_OBJC_MSGSEND = YES;
				GCC_C_LANGUAGE_STANDARD = gnu11;
				GCC_NO_COMMON_BLOCKS = YES;
				GCC_WARN_64_TO_32_BIT_CONVERSION = YES;
				GCC_WARN_ABOUT_RETURN_TYPE = YES_ERROR;
				GCC_WARN_UNDECLARED_SELECTOR = YES;
				GCC_WARN_UNINITIALIZED_AUTOS = YES_AGGRESSIVE;
				GCC_WARN_UNUSED_FUNCTION = YES;
				GCC_WARN_UNUSED_VARIABLE = YES;
				MACOSX_DEPLOYMENT_TARGET = 10.13;
				MTL_ENABLE_DEBUG_INFO = NO;
				SDKROOT = macosx;
				SYSTEM_HEADER_SEARCH_PATHS = (
					Submodules/a21,
					OPL3Box/ArduinoCompat,
				);
			};
			name = Release;
		};
		3F68B9BD218214C40026DB37 /* Debug */ = {
			isa = XCBuildConfiguration;
			buildSettings = {
				CODE_SIGN_STYLE = Automatic;
				PRODUCT_NAME = "$(TARGET_NAME)";
			};
			name = Debug;
		};
		3F68B9BE218214C40026DB37 /* Release */ = {
			isa = XCBuildConfiguration;
			buildSettings = {
				CODE_SIGN_STYLE = Automatic;
				PRODUCT_NAME = "$(TARGET_NAME)";
			};
			name = Release;
		};
/* End XCBuildConfiguration section */

/* Begin XCConfigurationList section */
		3F68B9B0218214C40026DB37 /* Build configuration list for PBXProject "OPL3Box" */ = {
			isa = XCConfigurationList;
			buildConfigurations = (
				3F68B9BA218214C40026DB37 /* Debug */,
				3F68B9BB218214C40026DB37 /* Release */,
			);
			defaultConfigurationIsVisible = 0;
			defaultConfigurationName = Release;
		};
		3F68B9BC218214C40026DB37 /* Build configuration list for PBXNativeTarget "OPL3Box" */ = {
			isa = XCConfigurationList;
			buildConfigurations = (
				3F68B9BD218214C40026DB37 /* Debug */,
				3F68B9BE218214C40026DB37 /* Release */,
			);
			defaultConfigurationIsVisible = 0;
			defaultConfigurationName = Release;
		};
/* End XCConfigurationList section */
	};
	rootObject = 3F68B9AD218214C40026DB37 /* Project object */;
}
